
Microsoft Visual Studio Solution File, Format Version 12.00
Project("{FAE04EC0-301F-11D3-BF4B-00C04F79EFBC}") = "StockManagement.Domain", "StockManagement.Domain\StockManagement.Domain.csproj", "{36E190A7-74A5-41AD-B25F-038BF720FBA9}"
EndProject
Global
	GlobalSection(SolutionConfigurationPlatforms) = preSolution
		Debug|Any CPU = Debug|Any CPU
		Release|Any CPU = Release|Any CPU
	EndGlobalSection
	GlobalSection(ProjectConfigurationPlatforms) = postSolution
		{36E190A7-74A5-41AD-B25F-038BF720FBA9}.Debug|Any CPU.ActiveCfg = Debug|Any CPU
		{36E190A7-74A5-41AD-B25F-038BF720FBA9}.Debug|Any CPU.Build.0 = Debug|Any CPU
		{36E190A7-74A5-41AD-B25F-038BF720FBA9}.Release|Any CPU.ActiveCfg = Release|Any CPU
		{36E190A7-74A5-41AD-B25F-038BF720FBA9}.Release|Any CPU.Build.0 = Release|Any CPU
	EndGlobalSection
EndGlobal
